{
  "name": "nblast-app",
  "version": "1.0.0",
  "lockfileVersion": 2,
  "requires": true,
  "packages": {
    "": {
      "name": "nblast-app",
      "version": "1.0.0",
      "license": "MIT",
      "dependencies": {
        "nblast-js": "file:../../pkg"
      }
    },
    "../../pkg": {
      "name": "nblast-js",
      "version": "0.3.0"
    },
    "node_modules/nblast-js": {
      "resolved": "../../pkg",
      "link": true
    }
  },
  "dependencies": {
    "nblast-js": {
      "version": "file:../../pkg"
    }
  }
}
